PODS:
  - Flutter (1.0.0)
  - tinkoff_acquiring_native_flutter (0.0.1):
    - Flutter
    - TinkoffASDKCore (= 2.13.1)
    - TinkoffASDKUI (= 2.13.1)
  - TinkoffASDKCore (2.13.1)
  - TinkoffASDKUI (2.13.1):
    - TinkoffASDKCore

DEPENDENCIES:
  - Flutter (from `Flutter`)
  - tinkoff_acquiring_native_flutter (from `.symlinks/plugins/tinkoff_acquiring_native_flutter/ios`)

SPEC REPOS:
  trunk:
    - TinkoffASDKCore
    - TinkoffASDKUI

EXTERNAL SOURCES:
  Flutter:
    :path: Flutter
  tinkoff_acquiring_native_flutter:
    :path: ".symlinks/plugins/tinkoff_acquiring_native_flutter/ios"

SPEC CHECKSUMS:
  Flutter: f04841e97a9d0b0a8025694d0796dd46242b2854
  tinkoff_acquiring_native_flutter: 2aea2dad2822cdecbc8ba87b251741536d981f1f
  TinkoffASDKCore: e37139036fedae88403e914dbe6b1d6bdaf433a1
  TinkoffASDKUI: f1e0734662a063b433e28be14a3b484aee32c366

PODFILE CHECKSUM: 25469d2a054890064d89dfa1ad30369131c48571

COCOAPODS: 1.11.3
